
Microsoft Visual Studio Solution File, Format Version 12.00
# Visual Studio 15
Project("{FAE04EC0-301F-11D3-BF4B-00C04F79EFBC}") = "Assembly-CSharp", "Assembly-CSharp.csproj", "{2BE0CA68-CDD0-A14B-E409-9E6A50D483D8}"
EndProject
Project("{FAE04EC0-301F-11D3-BF4B-00C04F79EFBC}") = "Assembly-CSharp-firstpass", "Assembly-CSharp-firstpass.csproj", "{73D1D538-F3A6-743F-ADD2-B6AC98356580}"
EndProject
Project("{FAE04EC0-301F-11D3-BF4B-00C04F79EFBC}") = "Assembly-CSharp-Editor-firstpass", "Assembly-CSharp-Editor-firstpass.csproj", "{84705B6C-C43F-4DDE-BA8A-67BA2A2FB29D}"
EndProject
Global
	GlobalSection(SolutionConfigurationPlatforms) = preSolution
		Debug|Any CPU = Debug|Any CPU
		Release|Any CPU = Release|Any CPU
	EndGlobalSection
	GlobalSection(ProjectConfigurationPlatforms) = postSolution
		{2BE0CA68-CDD0-A14B-E409-9E6A50D483D8}.Debug|Any CPU.ActiveCfg = Debug|Any CPU
		{2BE0CA68-CDD0-A14B-E409-9E6A50D483D8}.Debug|Any CPU.Build.0 = Debug|Any CPU
		{2BE0CA68-CDD0-A14B-E409-9E6A50D483D8}.Release|Any CPU.ActiveCfg = Release|Any CPU
		{2BE0CA68-CDD0-A14B-E409-9E6A50D483D8}.Release|Any CPU.Build.0 = Release|Any CPU
		{73D1D538-F3A6-743F-ADD2-B6AC98356580}.Debug|Any CPU.ActiveCfg = Debug|Any CPU
		{73D1D538-F3A6-743F-ADD2-B6AC98356580}.Debug|Any CPU.Build.0 = Debug|Any CPU
		{73D1D538-F3A6-743F-ADD2-B6AC98356580}.Release|Any CPU.ActiveCfg = Release|Any CPU
		{73D1D538-F3A6-743F-ADD2-B6AC98356580}.Release|Any CPU.Build.0 = Release|Any CPU
		{84705B6C-C43F-4DDE-BA8A-67BA2A2FB29D}.Debug|Any CPU.ActiveCfg = Debug|Any CPU
		{84705B6C-C43F-4DDE-BA8A-67BA2A2FB29D}.Debug|Any CPU.Build.0 = Debug|Any CPU
		{84705B6C-C43F-4DDE-BA8A-67BA2A2FB29D}.Release|Any CPU.ActiveCfg = Release|Any CPU
		{84705B6C-C43F-4DDE-BA8A-67BA2A2FB29D}.Release|Any CPU.Build.0 = Release|Any CPU
	EndGlobalSection
	GlobalSection(SolutionProperties) = preSolution
		HideSolutionNode = FALSE
	EndGlobalSection
EndGlobal
